
Microsoft Visual Studio Solution File, Format Version 12.00
# Visual Studio Version 16
VisualStudioVersion = 16.0.31515.178
MinimumVisualStudioVersion = 10.0.40219.1
Project("{FAE04EC0-301F-11D3-BF4B-00C04F79EFBC}") = "Week4.NaimaElKhattabi.CORE", "Week4.NaimaElKhattabi.CORE\Week4.NaimaElKhattabi.CORE.csproj", "{3564FFFA-DBCD-48B8-8FA3-D055681DEA73}"
EndProject
Project("{FAE04EC0-301F-11D3-BF4B-00C04F79EFBC}") = "Week4.NaimaElKhattabi.EF", "Week4.NaimaElKhattabi.EF\Week4.NaimaElKhattabi.EF.csproj", "{2DBAFC64-CF0D-4FA4-B04F-F93A82C4E45C}"
EndProject
Project("{FAE04EC0-301F-11D3-BF4B-00C04F79EFBC}") = "Week4.NaimaElKhattabi.WCF", "Week4.NaimaElKhattabi.WCF\Week4.NaimaElKhattabi.WCF.csproj", "{818BF176-C15B-4D30-BF4E-2811B0B73803}"
EndProject
Project("{FAE04EC0-301F-11D3-BF4B-00C04F79EFBC}") = "Week4.NaimaElKhattabi.API", "Week4.NaimaElKhattabi.API\Week4.NaimaElKhattabi.API.csproj", "{23C6C156-63BF-4F0B-A34D-8654BA1C2ABA}"
EndProject
Project("{FAE04EC0-301F-11D3-BF4B-00C04F79EFBC}") = "Week4.NaimaElKhattabi.Client", "Week4.NaimaElKhattabi.AppClient\Week4.NaimaElKhattabi.Client.csproj", "{8179BAE9-B9FC-4AE3-9D89-EB05B5E966A7}"
EndProject
Global
	GlobalSection(SolutionConfigurationPlatforms) = preSolution
		Debug|Any CPU = Debug|Any CPU
		Release|Any CPU = Release|Any CPU
	EndGlobalSection
	GlobalSection(ProjectConfigurationPlatforms) = postSolution
		{3564FFFA-DBCD-48B8-8FA3-D055681DEA73}.Debug|Any CPU.ActiveCfg = Debug|Any CPU
		{3564FFFA-DBCD-48B8-8FA3-D055681DEA73}.Debug|Any CPU.Build.0 = Debug|Any CPU
		{3564FFFA-DBCD-48B8-8FA3-D055681DEA73}.Release|Any CPU.ActiveCfg = Release|Any CPU
		{3564FFFA-DBCD-48B8-8FA3-D055681DEA73}.Release|Any CPU.Build.0 = Release|Any CPU
		{2DBAFC64-CF0D-4FA4-B04F-F93A82C4E45C}.Debug|Any CPU.ActiveCfg = Debug|Any CPU
		{2DBAFC64-CF0D-4FA4-B04F-F93A82C4E45C}.Debug|Any CPU.Build.0 = Debug|Any CPU
		{2DBAFC64-CF0D-4FA4-B04F-F93A82C4E45C}.Release|Any CPU.ActiveCfg = Release|Any CPU
		{2DBAFC64-CF0D-4FA4-B04F-F93A82C4E45C}.Release|Any CPU.Build.0 = Release|Any CPU
		{818BF176-C15B-4D30-BF4E-2811B0B73803}.Debug|Any CPU.ActiveCfg = Debug|Any CPU
		{818BF176-C15B-4D30-BF4E-2811B0B73803}.Debug|Any CPU.Build.0 = Debug|Any CPU
		{818BF176-C15B-4D30-BF4E-2811B0B73803}.Release|Any CPU.ActiveCfg = Release|Any CPU
		{818BF176-C15B-4D30-BF4E-2811B0B73803}.Release|Any CPU.Build.0 = Release|Any CPU
		{23C6C156-63BF-4F0B-A34D-8654BA1C2ABA}.Debug|Any CPU.ActiveCfg = Debug|Any CPU
		{23C6C156-63BF-4F0B-A34D-8654BA1C2ABA}.Debug|Any CPU.Build.0 = Debug|Any CPU
		{23C6C156-63BF-4F0B-A34D-8654BA1C2ABA}.Release|Any CPU.ActiveCfg = Release|Any CPU
		{23C6C156-63BF-4F0B-A34D-8654BA1C2ABA}.Release|Any CPU.Build.0 = Release|Any CPU
		{8179BAE9-B9FC-4AE3-9D89-EB05B5E966A7}.Debug|Any CPU.ActiveCfg = Debug|Any CPU
		{8179BAE9-B9FC-4AE3-9D89-EB05B5E966A7}.Debug|Any CPU.Build.0 = Debug|Any CPU
		{8179BAE9-B9FC-4AE3-9D89-EB05B5E966A7}.Release|Any CPU.ActiveCfg = Release|Any CPU
		{8179BAE9-B9FC-4AE3-9D89-EB05B5E966A7}.Release|Any CPU.Build.0 = Release|Any CPU
	EndGlobalSection
	GlobalSection(SolutionProperties) = preSolution
		HideSolutionNode = FALSE
	EndGlobalSection
	GlobalSection(ExtensibilityGlobals) = postSolution
		SolutionGuid = {6EF60258-62E2-4D2F-A30E-0ABD2965C278}
	EndGlobalSection
EndGlobal
